
Microsoft Visual Studio Solution File, Format Version 12.00
# Visual Studio Version 17
VisualStudioVersion = 17.8.34525.116
MinimumVisualStudioVersion = 10.0.40219.1
Project("{FAE04EC0-301F-11D3-BF4B-00C04F79EFBC}") = "WinFormsTest2Programm", "WinFormsTest2Programm\WinFormsTest2Programm.csproj", "{E82B3935-8FE1-4BEB-ACD7-E38D966EBF6E}"
EndProject
Global
	GlobalSection(SolutionConfigurationPlatforms) = preSolution
		Debug|Any CPU = Debug|Any CPU
		Release|Any CPU = Release|Any CPU
	EndGlobalSection
	GlobalSection(ProjectConfigurationPlatforms) = postSolution
		{E82B3935-8FE1-4BEB-ACD7-E38D966EBF6E}.Debug|Any CPU.ActiveCfg = Debug|Any CPU
		{E82B3935-8FE1-4BEB-ACD7-E38D966EBF6E}.Debug|Any CPU.Build.0 = Debug|Any CPU
		{E82B3935-8FE1-4BEB-ACD7-E38D966EBF6E}.Release|Any CPU.ActiveCfg = Release|Any CPU
		{E82B3935-8FE1-4BEB-ACD7-E38D966EBF6E}.Release|Any CPU.Build.0 = Release|Any CPU
	EndGlobalSection
	GlobalSection(SolutionProperties) = preSolution
		HideSolutionNode = FALSE
	EndGlobalSection
	GlobalSection(ExtensibilityGlobals) = postSolution
		SolutionGuid = {7629F08B-A35D-4BD0-B42C-5E7C1BD57589}
	EndGlobalSection
EndGlobal
